
Microsoft Visual Studio Solution File, Format Version 11.00
# Visual Studio 2010
Project("{FAE04EC0-301F-11D3-BF4B-00C04F79EFBC}") = "ColumnDepence", "ColumnDepence\ColumnDepence.csproj", "{C85B72A6-5185-41C4-A313-EBD156822CE4}"
EndProject
Project("{54435603-DBB4-11D2-8724-00A0C9A8B90C}") = "DbInfoSetup", "DbInfoSetup\DbInfoSetup.vdproj", "{E1EEE2BC-F673-4E4C-98A0-F413AEC05E4B}"
EndProject
Global
	GlobalSection(SolutionConfigurationPlatforms) = preSolution
		Debug|Any CPU = Debug|Any CPU
		Release|Any CPU = Release|Any CPU
	EndGlobalSection
	GlobalSection(ProjectConfigurationPlatforms) = postSolution
		{C85B72A6-5185-41C4-A313-EBD156822CE4}.Debug|Any CPU.ActiveCfg = Debug|Any CPU
		{C85B72A6-5185-41C4-A313-EBD156822CE4}.Debug|Any CPU.Build.0 = Debug|Any CPU
		{C85B72A6-5185-41C4-A313-EBD156822CE4}.Release|Any CPU.ActiveCfg = Release|Any CPU
		{C85B72A6-5185-41C4-A313-EBD156822CE4}.Release|Any CPU.Build.0 = Release|Any CPU
		{E1EEE2BC-F673-4E4C-98A0-F413AEC05E4B}.Debug|Any CPU.ActiveCfg = Debug
		{E1EEE2BC-F673-4E4C-98A0-F413AEC05E4B}.Release|Any CPU.ActiveCfg = Release
	EndGlobalSection
	GlobalSection(SolutionProperties) = preSolution
		HideSolutionNode = FALSE
	EndGlobalSection
EndGlobal
